
Microsoft Visual Studio Solution File, Format Version 12.00
# Visual Studio Version 16
VisualStudioVersion = 16.0.31702.278
MinimumVisualStudioVersion = 10.0.40219.1
Project("{9A19103F-16F7-4668-BE54-9A1E7A4F7556}") = "JustChat", "JustChat\JustChat.csproj", "{D90A5CC8-CDA0-448A-BBAF-F2CC7C4A8FBE}"
EndProject
Global
	GlobalSection(SolutionConfigurationPlatforms) = preSolution
		Debug|Any CPU = Debug|Any CPU
		Release|Any CPU = Release|Any CPU
	EndGlobalSection
	GlobalSection(ProjectConfigurationPlatforms) = postSolution
		{D90A5CC8-CDA0-448A-BBAF-F2CC7C4A8FBE}.Debug|Any CPU.ActiveCfg = Debug|Any CPU
		{D90A5CC8-CDA0-448A-BBAF-F2CC7C4A8FBE}.Debug|Any CPU.Build.0 = Debug|Any CPU
		{D90A5CC8-CDA0-448A-BBAF-F2CC7C4A8FBE}.Release|Any CPU.ActiveCfg = Release|Any CPU
		{D90A5CC8-CDA0-448A-BBAF-F2CC7C4A8FBE}.Release|Any CPU.Build.0 = Release|Any CPU
	EndGlobalSection
	GlobalSection(SolutionProperties) = preSolution
		HideSolutionNode = FALSE
	EndGlobalSection
	GlobalSection(ExtensibilityGlobals) = postSolution
		SolutionGuid = {BF4AF04C-4C34-45E1-BDA7-043BE84D6709}
	EndGlobalSection
EndGlobal
